{
  "lockfile_version": "1",
  "packages": {
    "github:NixOS/nixpkgs/nixpkgs-unstable": {
      "last_modified": "2026-04-29T01:19:07Z",
      "resolved": "github:NixOS/nixpkgs/ebc08544afa77957cc348ba72dc490ec73b87f68?lastModified=1777425547"
    },
    "stow@latest": {
      "last_modified": "2026-04-23T13:07:47Z",
      "resolved": "github:NixOS/nixpkgs/01fbdeef22b76df85ea168fbfe1bfd9e63681b30#stow",
      "source": "devbox-search",
      "version": "2.4.1",
      "systems": {
        "aarch64-darwin": {
          "outputs": [
            {
              "name": "out",
              "path": "/nix/store/r6y94b5l5a70dn051mnmyq5mhyrgk3ys-stow-2.4.1",
              "default": true
            }
          ],
          "store_path": "/nix/store/r6y94b5l5a70dn051mnmyq5mhyrgk3ys-stow-2.4.1"
        },
        "aarch64-linux": {
          "outputs": [
            {
              "name": "out",
              "path": "/nix/store/6ap6wcywmphzw4x1cyasr2g3cfsxq8cl-stow-2.4.1",
              "default": true
            }
          ],
          "store_path": "/nix/store/6ap6wcywmphzw4x1cyasr2g3cfsxq8cl-stow-2.4.1"
        },
        "x86_64-darwin": {
          "outputs": [
            {
              "name": "out",
              "path": "/nix/store/4nv1l2wms6arfmid2px19cz58ihfrgs7-stow-2.4.1",
              "default": true
            }
          ],
          "store_path": "/nix/store/4nv1l2wms6arfmid2px19cz58ihfrgs7-stow-2.4.1"
        },
        "x86_64-linux": {
          "outputs": [
            {
              "name": "out",
              "path": "/nix/store/pxdfnsbgjk64c5dhg2w0m892q1iwj7na-stow-2.4.1",
              "default": true
            }
          ],
          "store_path": "/nix/store/pxdfnsbgjk64c5dhg2w0m892q1iwj7na-stow-2.4.1"
        }
      }
    },
    "yq@latest": {
      "last_modified": "2026-04-23T13:07:47Z",
      "resolved": "github:NixOS/nixpkgs/01fbdeef22b76df85ea168fbfe1bfd9e63681b30#yq",
      "source": "devbox-search",
      "version": "3.4.3",
      "systems": {
        "aarch64-darwin": {
          "outputs": [
            {
              "name": "out",
              "path": "/nix/store/gfj0swayhqm02nidsvh6692gp0kk23g0-python3.13-yq-3.4.3",
              "default": true
            },
            {
              "name": "dist",
              "path": "/nix/store/sz3477s7aln7271nacc72zs3w4w7aw62-python3.13-yq-3.4.3-dist"
            }
          ],
          "store_path": "/nix/store/gfj0swayhqm02nidsvh6692gp0kk23g0-python3.13-yq-3.4.3"
        },
        "aarch64-linux": {
          "outputs": [
            {
              "name": "out",
              "path": "/nix/store/0whnd3y7fm0wfa0w5yqfahhr9ih16d20-python3.13-yq-3.4.3",
              "default": true
            },
            {
              "name": "dist",
              "path": "/nix/store/w4yih4rbdjj5x5c9ydd7l19kx9zqlgdh-python3.13-yq-3.4.3-dist"
            }
          ],
          "store_path": "/nix/store/0whnd3y7fm0wfa0w5yqfahhr9ih16d20-python3.13-yq-3.4.3"
        },
        "x86_64-darwin": {
          "outputs": [
            {
              "name": "out",
              "path": "/nix/store/my699ppqbdqp814b1sziwfgbaii84a8p-python3.13-yq-3.4.3",
              "default": true
            },
            {
              "name": "dist",
              "path": "/nix/store/7kcw5lqkwjcxzyvm8mvrgxr6k5cgs6s9-python3.13-yq-3.4.3-dist"
            }
          ],
          "store_path": "/nix/store/my699ppqbdqp814b1sziwfgbaii84a8p-python3.13-yq-3.4.3"
        },
        "x86_64-linux": {
          "outputs": [
            {
              "name": "out",
              "path": "/nix/store/z5lxllys0j3z200rf1phlzy975ynr0wg-python3.13-yq-3.4.3",
              "default": true
            },
            {
              "name": "dist",
              "path": "/nix/store/5s207c9mzbcr9wxl93y45fhshhq3maq0-python3.13-yq-3.4.3-dist"
            }
          ],
          "store_path": "/nix/store/z5lxllys0j3z200rf1phlzy975ynr0wg-python3.13-yq-3.4.3"
        }
      }
    }
  }
}
