github.com/go-sanitize/sanitize v1.1.0 h1:wq9tl5+VfkyCacCZIVQf6ksegRpfWl3N2vAyyYD0F1I=
github.com/go-sanitize/sanitize v1.1.0/go.mod h1:r+anm3xp/Y1+pTNvPSgHMznwb0VVZgszoMQs3naOf0A=
github.com/urfave/cli/v3 v3.0.0-beta1 h1:6DTaaUarcM0wX7qj5Hcvs+5Dm3dyUTBbEwIWAjcw9Zg=
github.com/urfave/cli/v3 v3.0.0-beta1/go.mod h1:FnIeEMYu+ko8zP1F9Ypr3xkZMIDqW3DR92yUtY39q1Y=
